
Microsoft Visual Studio Solution File, Format Version 12.00
# Visual Studio Version 17
VisualStudioVersion = 17.11.35327.3
MinimumVisualStudioVersion = 10.0.40219.1
Project("{FAE04EC0-301F-11D3-BF4B-00C04F79EFBC}") = "ProyectoTFG", "ProyectoTFG\ProyectoTFG.csproj", "{CA5A48DD-8534-47E8-86E1-CF69EF0EF720}"
EndProject
Project("{FAE04EC0-301F-11D3-BF4B-00C04F79EFBC}") = "CapaWebTFG", "CapaWebTFG\CapaWebTFG.csproj", "{83205F72-8461-4AF6-9945-6F89E197895B}"
EndProject
Global
	GlobalSection(SolutionConfigurationPlatforms) = preSolution
		Debug|Any CPU = Debug|Any CPU
		Release|Any CPU = Release|Any CPU
	EndGlobalSection
	GlobalSection(ProjectConfigurationPlatforms) = postSolution
		{CA5A48DD-8534-47E8-86E1-CF69EF0EF720}.Debug|Any CPU.ActiveCfg = Release|Any CPU
		{CA5A48DD-8534-47E8-86E1-CF69EF0EF720}.Debug|Any CPU.Build.0 = Release|Any CPU
		{CA5A48DD-8534-47E8-86E1-CF69EF0EF720}.Release|Any CPU.ActiveCfg = Release|Any CPU
		{CA5A48DD-8534-47E8-86E1-CF69EF0EF720}.Release|Any CPU.Build.0 = Release|Any CPU
		{83205F72-8461-4AF6-9945-6F89E197895B}.Debug|Any CPU.ActiveCfg = Debug|Any CPU
		{83205F72-8461-4AF6-9945-6F89E197895B}.Debug|Any CPU.Build.0 = Debug|Any CPU
		{83205F72-8461-4AF6-9945-6F89E197895B}.Release|Any CPU.ActiveCfg = Release|Any CPU
		{83205F72-8461-4AF6-9945-6F89E197895B}.Release|Any CPU.Build.0 = Release|Any CPU
	EndGlobalSection
	GlobalSection(SolutionProperties) = preSolution
		HideSolutionNode = FALSE
	EndGlobalSection
	GlobalSection(ExtensibilityGlobals) = postSolution
		SolutionGuid = {60381D8F-3E34-46D0-8867-E6243F68E753}
	EndGlobalSection
EndGlobal
